
Microsoft Visual Studio Solution File, Format Version 12.00
# Visual Studio Version 17
VisualStudioVersion = 17.2.32526.322
MinimumVisualStudioVersion = 10.0.40219.1
Project("{9A19103F-16F7-4668-BE54-9A1E7A4F7556}") = "Enterspeed.Cli", "src\Enterspeed.Cli\Enterspeed.Cli.csproj", "{06FC2B89-FE26-41AA-887A-B4B794699BC1}"
EndProject
Project("{2150E333-8FDC-42A3-9474-1A3956D46DE8}") = "Documents", "Documents", "{7C6DC0AF-9D52-4612-ADBB-1587538AAD16}"
	ProjectSection(SolutionItems) = preProject
		.gitignore = .gitignore
		azure-pipelines.yml = azure-pipelines.yml
		README.md = README.md
	EndProjectSection
EndProject
Project("{2150E333-8FDC-42A3-9474-1A3956D46DE8}") = "releaseNotes", "releaseNotes", "{66A24EA2-62B6-464D-815D-C5BC3F8C8D95}"
	ProjectSection(SolutionItems) = preProject
		releaseNotes\1.0.0.md = releaseNotes\1.0.0.md
		releaseNotes\1.1.0.md = releaseNotes\1.1.0.md
		releaseNotes\1.1.1.md = releaseNotes\1.1.1.md
		releaseNotes\1.2.0.md = releaseNotes\1.2.0.md
		releaseNotes\1.3.0.md = releaseNotes\1.3.0.md
		releaseNotes\1.4.0.md = releaseNotes\1.4.0.md
		releaseNotes\1.5.0.md = releaseNotes\1.5.0.md
		releaseNotes\1.6.0.md = releaseNotes\1.6.0.md
		releaseNotes\2.0.0.md = releaseNotes\2.0.0.md
		releaseNotes\2.0.1.md = releaseNotes\2.0.1.md
		releaseNotes\2.0.2.md = releaseNotes\2.0.2.md
		releaseNotes\3.0.0.md = releaseNotes\3.0.0.md
		releaseNotes\3.0.1.md = releaseNotes\3.0.1.md
	EndProjectSection
EndProject
Global
	GlobalSection(SolutionConfigurationPlatforms) = preSolution
		Debug|Any CPU = Debug|Any CPU
		Release|Any CPU = Release|Any CPU
	EndGlobalSection
	GlobalSection(ProjectConfigurationPlatforms) = postSolution
		{06FC2B89-FE26-41AA-887A-B4B794699BC1}.Debug|Any CPU.ActiveCfg = Debug|Any CPU
		{06FC2B89-FE26-41AA-887A-B4B794699BC1}.Debug|Any CPU.Build.0 = Debug|Any CPU
		{06FC2B89-FE26-41AA-887A-B4B794699BC1}.Release|Any CPU.ActiveCfg = Release|Any CPU
		{06FC2B89-FE26-41AA-887A-B4B794699BC1}.Release|Any CPU.Build.0 = Release|Any CPU
	EndGlobalSection
	GlobalSection(SolutionProperties) = preSolution
		HideSolutionNode = FALSE
	EndGlobalSection
	GlobalSection(NestedProjects) = preSolution
		{66A24EA2-62B6-464D-815D-C5BC3F8C8D95} = {7C6DC0AF-9D52-4612-ADBB-1587538AAD16}
	EndGlobalSection
	GlobalSection(ExtensibilityGlobals) = postSolution
		SolutionGuid = {6452797C-FFD6-4FEE-A7D2-1648F1C2918C}
	EndGlobalSection
EndGlobal
